
Microsoft Visual Studio Solution File, Format Version 12.00
Project("{FAE04EC0-301F-11D3-BF4B-00C04F79EFBC}") = "FareEngine.Domain", "src\FareEngine.Domain\FareEngine.Domain.csproj", "{7BBD443A-A671-40D6-AEE1-2C43F5C09E7B}"
EndProject
Project("{FAE04EC0-301F-11D3-BF4B-00C04F79EFBC}") = "FareEngine.Application", "src\FareEngine.Application\FareEngine.Application.csproj", "{E1FD8F15-F237-4D8C-9D95-C92DFE709E47}"
EndProject
Project("{FAE04EC0-301F-11D3-BF4B-00C04F79EFBC}") = "FareEngine.Infrastructure", "src\FareEngine.Infrastructure\FareEngine.Infrastructure.csproj", "{C3524602-446C-42B5-A216-A278933E2750}"
EndProject
Project("{FAE04EC0-301F-11D3-BF4B-00C04F79EFBC}") = "FareEngine.API", "src\FareEngine.API\FareEngine.API.csproj", "{F59736F2-4D17-4A5B-BE3A-B650E75A899A}"
EndProject
Project("{2150E333-8FDC-42A3-9474-1A3956D46DE8}") = "Solution Items", "Solution Items", "{07AAEF34-FF10-44EA-B771-2AEE59EE913D}"
	ProjectSection(SolutionItems) = preProject
		compose.yaml = compose.yaml
	EndProjectSection
EndProject
Global
	GlobalSection(SolutionConfigurationPlatforms) = preSolution
		Debug|Any CPU = Debug|Any CPU
		Release|Any CPU = Release|Any CPU
	EndGlobalSection
	GlobalSection(ProjectConfigurationPlatforms) = postSolution
		{7BBD443A-A671-40D6-AEE1-2C43F5C09E7B}.Debug|Any CPU.ActiveCfg = Debug|Any CPU
		{7BBD443A-A671-40D6-AEE1-2C43F5C09E7B}.Debug|Any CPU.Build.0 = Debug|Any CPU
		{7BBD443A-A671-40D6-AEE1-2C43F5C09E7B}.Release|Any CPU.ActiveCfg = Release|Any CPU
		{7BBD443A-A671-40D6-AEE1-2C43F5C09E7B}.Release|Any CPU.Build.0 = Release|Any CPU
		{E1FD8F15-F237-4D8C-9D95-C92DFE709E47}.Debug|Any CPU.ActiveCfg = Debug|Any CPU
		{E1FD8F15-F237-4D8C-9D95-C92DFE709E47}.Debug|Any CPU.Build.0 = Debug|Any CPU
		{E1FD8F15-F237-4D8C-9D95-C92DFE709E47}.Release|Any CPU.ActiveCfg = Release|Any CPU
		{E1FD8F15-F237-4D8C-9D95-C92DFE709E47}.Release|Any CPU.Build.0 = Release|Any CPU
		{C3524602-446C-42B5-A216-A278933E2750}.Debug|Any CPU.ActiveCfg = Debug|Any CPU
		{C3524602-446C-42B5-A216-A278933E2750}.Debug|Any CPU.Build.0 = Debug|Any CPU
		{C3524602-446C-42B5-A216-A278933E2750}.Release|Any CPU.ActiveCfg = Release|Any CPU
		{C3524602-446C-42B5-A216-A278933E2750}.Release|Any CPU.Build.0 = Release|Any CPU
		{F59736F2-4D17-4A5B-BE3A-B650E75A899A}.Debug|Any CPU.ActiveCfg = Debug|Any CPU
		{F59736F2-4D17-4A5B-BE3A-B650E75A899A}.Debug|Any CPU.Build.0 = Debug|Any CPU
		{F59736F2-4D17-4A5B-BE3A-B650E75A899A}.Release|Any CPU.ActiveCfg = Release|Any CPU
		{F59736F2-4D17-4A5B-BE3A-B650E75A899A}.Release|Any CPU.Build.0 = Release|Any CPU
	EndGlobalSection
EndGlobal
